
Microsoft Visual Studio Solution File, Format Version 12.00
# Visual Studio Version 16
VisualStudioVersion = 16.0.30709.132
MinimumVisualStudioVersion = 10.0.40219.1
Project("{FAE04EC0-301F-11D3-BF4B-00C04F79EFBC}") = "ComputerShopWebApp", "ComputerShopWebApp.csproj", "{98FA198C-1575-41E4-90F0-0EE708F0DBF6}"
EndProject
Global
	GlobalSection(SolutionConfigurationPlatforms) = preSolution
		Debug|Any CPU = Debug|Any CPU
		Release|Any CPU = Release|Any CPU
	EndGlobalSection
	GlobalSection(ProjectConfigurationPlatforms) = postSolution
		{98FA198C-1575-41E4-90F0-0EE708F0DBF6}.Debug|Any CPU.ActiveCfg = Debug|Any CPU
		{98FA198C-1575-41E4-90F0-0EE708F0DBF6}.Debug|Any CPU.Build.0 = Debug|Any CPU
		{98FA198C-1575-41E4-90F0-0EE708F0DBF6}.Release|Any CPU.ActiveCfg = Release|Any CPU
		{98FA198C-1575-41E4-90F0-0EE708F0DBF6}.Release|Any CPU.Build.0 = Release|Any CPU
	EndGlobalSection
	GlobalSection(SolutionProperties) = preSolution
		HideSolutionNode = FALSE
	EndGlobalSection
	GlobalSection(ExtensibilityGlobals) = postSolution
		SolutionGuid = {DC4B8AAC-77F3-4B79-B938-69E0375C8626}
	EndGlobalSection
EndGlobal
