
Microsoft Visual Studio Solution File, Format Version 12.00
# Visual Studio Version 16
VisualStudioVersion = 16.0.29806.167
MinimumVisualStudioVersion = 10.0.40219.1
Project("{FAE04EC0-301F-11D3-BF4B-00C04F79EFBC}") = "SubjEditor", "SubjEditor\SubjEditor.csproj", "{A783CC3A-4A7F-4C1C-914E-513508261A08}"
EndProject
Project("{FAE04EC0-301F-11D3-BF4B-00C04F79EFBC}") = "DatabaseLinq", "DatabaseLinq\DatabaseLinq.csproj", "{CA5931E3-13D4-40FB-90E6-883A75A9D585}"
EndProject
Global
	GlobalSection(SolutionConfigurationPlatforms) = preSolution
		Debug|Any CPU = Debug|Any CPU
		Release|Any CPU = Release|Any CPU
	EndGlobalSection
	GlobalSection(ProjectConfigurationPlatforms) = postSolution
		{A783CC3A-4A7F-4C1C-914E-513508261A08}.Debug|Any CPU.ActiveCfg = Debug|Any CPU
		{A783CC3A-4A7F-4C1C-914E-513508261A08}.Debug|Any CPU.Build.0 = Debug|Any CPU
		{A783CC3A-4A7F-4C1C-914E-513508261A08}.Release|Any CPU.ActiveCfg = Release|Any CPU
		{A783CC3A-4A7F-4C1C-914E-513508261A08}.Release|Any CPU.Build.0 = Release|Any CPU
		{CA5931E3-13D4-40FB-90E6-883A75A9D585}.Debug|Any CPU.ActiveCfg = Debug|Any CPU
		{CA5931E3-13D4-40FB-90E6-883A75A9D585}.Debug|Any CPU.Build.0 = Debug|Any CPU
		{CA5931E3-13D4-40FB-90E6-883A75A9D585}.Release|Any CPU.ActiveCfg = Release|Any CPU
		{CA5931E3-13D4-40FB-90E6-883A75A9D585}.Release|Any CPU.Build.0 = Release|Any CPU
	EndGlobalSection
	GlobalSection(SolutionProperties) = preSolution
		HideSolutionNode = FALSE
	EndGlobalSection
	GlobalSection(ExtensibilityGlobals) = postSolution
		SolutionGuid = {91BD9E0C-8619-4B1E-85FE-EBA70BB7398B}
	EndGlobalSection
EndGlobal
