
Microsoft Visual Studio Solution File, Format Version 12.00
# Visual Studio Version 16
VisualStudioVersion = 16.0.30413.136
MinimumVisualStudioVersion = 10.0.40219.1
Project("{9A19103F-16F7-4668-BE54-9A1E7A4F7556}") = "KeyCipherLib", "KeyCipherLib\KeyCipherLib.csproj", "{BA764232-F82E-4D3F-91AF-5A6C7CCF4365}"
EndProject
Project("{FAE04EC0-301F-11D3-BF4B-00C04F79EFBC}") = "Tests", "Tests\Tests.csproj", "{79CCCF98-B994-4AC7-83E8-7057E61A8DC4}"
EndProject
Project("{FAE04EC0-301F-11D3-BF4B-00C04F79EFBC}") = "CipherGUI", "CipherGUI\CipherGUI.csproj", "{B411B4D3-20AE-46B3-B3A9-4912AEB2E833}"
EndProject
Global
	GlobalSection(SolutionConfigurationPlatforms) = preSolution
		Debug|Any CPU = Debug|Any CPU
		Release|Any CPU = Release|Any CPU
	EndGlobalSection
	GlobalSection(ProjectConfigurationPlatforms) = postSolution
		{BA764232-F82E-4D3F-91AF-5A6C7CCF4365}.Debug|Any CPU.ActiveCfg = Debug|Any CPU
		{BA764232-F82E-4D3F-91AF-5A6C7CCF4365}.Debug|Any CPU.Build.0 = Debug|Any CPU
		{BA764232-F82E-4D3F-91AF-5A6C7CCF4365}.Release|Any CPU.ActiveCfg = Release|Any CPU
		{BA764232-F82E-4D3F-91AF-5A6C7CCF4365}.Release|Any CPU.Build.0 = Release|Any CPU
		{79CCCF98-B994-4AC7-83E8-7057E61A8DC4}.Debug|Any CPU.ActiveCfg = Debug|Any CPU
		{79CCCF98-B994-4AC7-83E8-7057E61A8DC4}.Debug|Any CPU.Build.0 = Debug|Any CPU
		{79CCCF98-B994-4AC7-83E8-7057E61A8DC4}.Release|Any CPU.ActiveCfg = Release|Any CPU
		{79CCCF98-B994-4AC7-83E8-7057E61A8DC4}.Release|Any CPU.Build.0 = Release|Any CPU
		{B411B4D3-20AE-46B3-B3A9-4912AEB2E833}.Debug|Any CPU.ActiveCfg = Debug|Any CPU
		{B411B4D3-20AE-46B3-B3A9-4912AEB2E833}.Debug|Any CPU.Build.0 = Debug|Any CPU
		{B411B4D3-20AE-46B3-B3A9-4912AEB2E833}.Release|Any CPU.ActiveCfg = Release|Any CPU
		{B411B4D3-20AE-46B3-B3A9-4912AEB2E833}.Release|Any CPU.Build.0 = Release|Any CPU
	EndGlobalSection
	GlobalSection(SolutionProperties) = preSolution
		HideSolutionNode = FALSE
	EndGlobalSection
	GlobalSection(ExtensibilityGlobals) = postSolution
		SolutionGuid = {62D71581-8F46-4807-A5DE-DA0E38DD08CB}
	EndGlobalSection
EndGlobal
