
Microsoft Visual Studio Solution File, Format Version 12.00
# Visual Studio Version 16
VisualStudioVersion = 16.0.30413.136
MinimumVisualStudioVersion = 10.0.40219.1
Project("{CC5FD16D-436D-48AD-A40C-5A424C6E3E79}") = "AzureCloudService", "AzureCloudService\AzureCloudService.ccproj", "{CE9FEDA1-D1C9-4683-98A6-CD56F41367BC}"
EndProject
Project("{FAE04EC0-301F-11D3-BF4B-00C04F79EFBC}") = "PageRole", "PageRole\PageRole.csproj", "{C403B5C0-5ABD-41CA-8E5C-FD993DF19F37}"
EndProject
Project("{FAE04EC0-301F-11D3-BF4B-00C04F79EFBC}") = "WorkerRole", "WorkerRole\WorkerRole.csproj", "{AB684FCA-39A8-4BB3-A00B-CD37B320F3D5}"
EndProject
Project("{FAE04EC0-301F-11D3-BF4B-00C04F79EFBC}") = "VectorLib", "VectorLib\VectorLib.csproj", "{814B26BE-3313-4092-81DB-033F72BB810F}"
EndProject
Global
	GlobalSection(SolutionConfigurationPlatforms) = preSolution
		Debug|Any CPU = Debug|Any CPU
		Release|Any CPU = Release|Any CPU
	EndGlobalSection
	GlobalSection(ProjectConfigurationPlatforms) = postSolution
		{CE9FEDA1-D1C9-4683-98A6-CD56F41367BC}.Debug|Any CPU.ActiveCfg = Debug|Any CPU
		{CE9FEDA1-D1C9-4683-98A6-CD56F41367BC}.Debug|Any CPU.Build.0 = Debug|Any CPU
		{CE9FEDA1-D1C9-4683-98A6-CD56F41367BC}.Release|Any CPU.ActiveCfg = Release|Any CPU
		{CE9FEDA1-D1C9-4683-98A6-CD56F41367BC}.Release|Any CPU.Build.0 = Release|Any CPU
		{C403B5C0-5ABD-41CA-8E5C-FD993DF19F37}.Debug|Any CPU.ActiveCfg = Debug|Any CPU
		{C403B5C0-5ABD-41CA-8E5C-FD993DF19F37}.Debug|Any CPU.Build.0 = Debug|Any CPU
		{C403B5C0-5ABD-41CA-8E5C-FD993DF19F37}.Release|Any CPU.ActiveCfg = Release|Any CPU
		{C403B5C0-5ABD-41CA-8E5C-FD993DF19F37}.Release|Any CPU.Build.0 = Release|Any CPU
		{AB684FCA-39A8-4BB3-A00B-CD37B320F3D5}.Debug|Any CPU.ActiveCfg = Debug|Any CPU
		{AB684FCA-39A8-4BB3-A00B-CD37B320F3D5}.Debug|Any CPU.Build.0 = Debug|Any CPU
		{AB684FCA-39A8-4BB3-A00B-CD37B320F3D5}.Release|Any CPU.ActiveCfg = Release|Any CPU
		{AB684FCA-39A8-4BB3-A00B-CD37B320F3D5}.Release|Any CPU.Build.0 = Release|Any CPU
		{814B26BE-3313-4092-81DB-033F72BB810F}.Debug|Any CPU.ActiveCfg = Debug|Any CPU
		{814B26BE-3313-4092-81DB-033F72BB810F}.Debug|Any CPU.Build.0 = Debug|Any CPU
		{814B26BE-3313-4092-81DB-033F72BB810F}.Release|Any CPU.ActiveCfg = Release|Any CPU
		{814B26BE-3313-4092-81DB-033F72BB810F}.Release|Any CPU.Build.0 = Release|Any CPU
	EndGlobalSection
	GlobalSection(SolutionProperties) = preSolution
		HideSolutionNode = FALSE
	EndGlobalSection
	GlobalSection(ExtensibilityGlobals) = postSolution
		SolutionGuid = {E19B0CFC-8EB9-4F0C-8659-019308804BBC}
	EndGlobalSection
EndGlobal
