
Microsoft Visual Studio Solution File, Format Version 12.00
# Visual Studio Version 16
VisualStudioVersion = 16.0.30320.27
MinimumVisualStudioVersion = 10.0.40219.1
Project("{FAE04EC0-301F-11D3-BF4B-00C04F79EFBC}") = "CryptoLibrary", "CryptoLibrary\CryptoLibrary.csproj", "{FA926BF0-1B24-4118-A4F7-9F0E3A8CAD44}"
EndProject
Project("{FAE04EC0-301F-11D3-BF4B-00C04F79EFBC}") = "TestCrypto_1", "TestCrypto_1\TestCrypto_1.csproj", "{743F3BD3-E922-4D69-A518-7BBF17792964}"
EndProject
Project("{2150E333-8FDC-42A3-9474-1A3956D46DE8}") = "Lab_1", "Lab_1", "{C5D96726-08D7-4A16-96F2-DDB39A278F14}"
EndProject
Project("{2150E333-8FDC-42A3-9474-1A3956D46DE8}") = "Lab_2", "Lab_2", "{D2353536-4AAF-4323-8D54-D57FD0547239}"
EndProject
Project("{FAE04EC0-301F-11D3-BF4B-00C04F79EFBC}") = "CipherLibrary", "CipherLibrary\CipherLibrary.csproj", "{4D97027A-0097-4CE7-8892-0C98C8042249}"
EndProject
Project("{FAE04EC0-301F-11D3-BF4B-00C04F79EFBC}") = "TestCrypto_2", "TestCrypto_2\TestCrypto_2.csproj", "{C47F98CD-DADF-4244-8458-F9C4BA4F76A9}"
EndProject
Project("{FAE04EC0-301F-11D3-BF4B-00C04F79EFBC}") = "CryptoLab_2", "CryptoLab_2\CryptoLab_2.csproj", "{C6F54547-C607-4BF7-9A01-6E516C28DC15}"
EndProject
Project("{2150E333-8FDC-42A3-9474-1A3956D46DE8}") = "Lab_3", "Lab_3", "{E0B5CC4A-90C0-4302-86F3-DF7AE7B97280}"
EndProject
Project("{FAE04EC0-301F-11D3-BF4B-00C04F79EFBC}") = "FeistelLibrary", "FeistelLibrary\FeistelLibrary.csproj", "{9B3201B3-1CC1-49CE-B195-57ECA62D633E}"
EndProject
Project("{2150E333-8FDC-42A3-9474-1A3956D46DE8}") = "Lab_4", "Lab_4", "{DA775809-7B5B-4F5E-9D9B-AE4F217D58FE}"
EndProject
Project("{FAE04EC0-301F-11D3-BF4B-00C04F79EFBC}") = "CryptoLab_1", "CryptoLab_1\CryptoLab_1.csproj", "{109B6C17-6B59-469E-BF8B-83EA52A6DDF8}"
EndProject
Project("{FAE04EC0-301F-11D3-BF4B-00C04F79EFBC}") = "TestCrypto_3", "TestCrypto_3\TestCrypto_3.csproj", "{B0D74349-81BD-4C16-AA14-B4BBC71FFE20}"
EndProject
Project("{FAE04EC0-301F-11D3-BF4B-00C04F79EFBC}") = "CryptoLab_3", "CryptoLab_3\CryptoLab_3.csproj", "{5B4818EC-EF1A-47A5-9C00-A89F6398AD34}"
EndProject
Project("{FAE04EC0-301F-11D3-BF4B-00C04F79EFBC}") = "CryptoLab_4", "CryptoLab_4\CryptoLab_4.csproj", "{D247E297-5AAE-4CA9-A21E-BACCDEB40663}"
EndProject
Project("{FAE04EC0-301F-11D3-BF4B-00C04F79EFBC}") = "Test_Crypto_4", "Test_Crypto_4\Test_Crypto_4.csproj", "{DF6BFB97-D039-4E8B-8179-44ECE9CF5657}"
EndProject
Global
	GlobalSection(SolutionConfigurationPlatforms) = preSolution
		Debug|Any CPU = Debug|Any CPU
		Release|Any CPU = Release|Any CPU
	EndGlobalSection
	GlobalSection(ProjectConfigurationPlatforms) = postSolution
		{FA926BF0-1B24-4118-A4F7-9F0E3A8CAD44}.Debug|Any CPU.ActiveCfg = Debug|Any CPU
		{FA926BF0-1B24-4118-A4F7-9F0E3A8CAD44}.Debug|Any CPU.Build.0 = Debug|Any CPU
		{FA926BF0-1B24-4118-A4F7-9F0E3A8CAD44}.Release|Any CPU.ActiveCfg = Release|Any CPU
		{FA926BF0-1B24-4118-A4F7-9F0E3A8CAD44}.Release|Any CPU.Build.0 = Release|Any CPU
		{743F3BD3-E922-4D69-A518-7BBF17792964}.Debug|Any CPU.ActiveCfg = Debug|Any CPU
		{743F3BD3-E922-4D69-A518-7BBF17792964}.Debug|Any CPU.Build.0 = Debug|Any CPU
		{743F3BD3-E922-4D69-A518-7BBF17792964}.Release|Any CPU.ActiveCfg = Release|Any CPU
		{743F3BD3-E922-4D69-A518-7BBF17792964}.Release|Any CPU.Build.0 = Release|Any CPU
		{4D97027A-0097-4CE7-8892-0C98C8042249}.Debug|Any CPU.ActiveCfg = Debug|Any CPU
		{4D97027A-0097-4CE7-8892-0C98C8042249}.Debug|Any CPU.Build.0 = Debug|Any CPU
		{4D97027A-0097-4CE7-8892-0C98C8042249}.Release|Any CPU.ActiveCfg = Release|Any CPU
		{4D97027A-0097-4CE7-8892-0C98C8042249}.Release|Any CPU.Build.0 = Release|Any CPU
		{C47F98CD-DADF-4244-8458-F9C4BA4F76A9}.Debug|Any CPU.ActiveCfg = Debug|Any CPU
		{C47F98CD-DADF-4244-8458-F9C4BA4F76A9}.Debug|Any CPU.Build.0 = Debug|Any CPU
		{C47F98CD-DADF-4244-8458-F9C4BA4F76A9}.Release|Any CPU.ActiveCfg = Release|Any CPU
		{C47F98CD-DADF-4244-8458-F9C4BA4F76A9}.Release|Any CPU.Build.0 = Release|Any CPU
		{C6F54547-C607-4BF7-9A01-6E516C28DC15}.Debug|Any CPU.ActiveCfg = Debug|Any CPU
		{C6F54547-C607-4BF7-9A01-6E516C28DC15}.Debug|Any CPU.Build.0 = Debug|Any CPU
		{C6F54547-C607-4BF7-9A01-6E516C28DC15}.Release|Any CPU.ActiveCfg = Release|Any CPU
		{C6F54547-C607-4BF7-9A01-6E516C28DC15}.Release|Any CPU.Build.0 = Release|Any CPU
		{9B3201B3-1CC1-49CE-B195-57ECA62D633E}.Debug|Any CPU.ActiveCfg = Debug|Any CPU
		{9B3201B3-1CC1-49CE-B195-57ECA62D633E}.Debug|Any CPU.Build.0 = Debug|Any CPU
		{9B3201B3-1CC1-49CE-B195-57ECA62D633E}.Release|Any CPU.ActiveCfg = Release|Any CPU
		{9B3201B3-1CC1-49CE-B195-57ECA62D633E}.Release|Any CPU.Build.0 = Release|Any CPU
		{109B6C17-6B59-469E-BF8B-83EA52A6DDF8}.Debug|Any CPU.ActiveCfg = Debug|Any CPU
		{109B6C17-6B59-469E-BF8B-83EA52A6DDF8}.Debug|Any CPU.Build.0 = Debug|Any CPU
		{109B6C17-6B59-469E-BF8B-83EA52A6DDF8}.Release|Any CPU.ActiveCfg = Release|Any CPU
		{109B6C17-6B59-469E-BF8B-83EA52A6DDF8}.Release|Any CPU.Build.0 = Release|Any CPU
		{B0D74349-81BD-4C16-AA14-B4BBC71FFE20}.Debug|Any CPU.ActiveCfg = Debug|Any CPU
		{B0D74349-81BD-4C16-AA14-B4BBC71FFE20}.Debug|Any CPU.Build.0 = Debug|Any CPU
		{B0D74349-81BD-4C16-AA14-B4BBC71FFE20}.Release|Any CPU.ActiveCfg = Release|Any CPU
		{B0D74349-81BD-4C16-AA14-B4BBC71FFE20}.Release|Any CPU.Build.0 = Release|Any CPU
		{5B4818EC-EF1A-47A5-9C00-A89F6398AD34}.Debug|Any CPU.ActiveCfg = Debug|Any CPU
		{5B4818EC-EF1A-47A5-9C00-A89F6398AD34}.Debug|Any CPU.Build.0 = Debug|Any CPU
		{5B4818EC-EF1A-47A5-9C00-A89F6398AD34}.Release|Any CPU.ActiveCfg = Release|Any CPU
		{5B4818EC-EF1A-47A5-9C00-A89F6398AD34}.Release|Any CPU.Build.0 = Release|Any CPU
		{D247E297-5AAE-4CA9-A21E-BACCDEB40663}.Debug|Any CPU.ActiveCfg = Debug|Any CPU
		{D247E297-5AAE-4CA9-A21E-BACCDEB40663}.Debug|Any CPU.Build.0 = Debug|Any CPU
		{D247E297-5AAE-4CA9-A21E-BACCDEB40663}.Release|Any CPU.ActiveCfg = Release|Any CPU
		{D247E297-5AAE-4CA9-A21E-BACCDEB40663}.Release|Any CPU.Build.0 = Release|Any CPU
		{DF6BFB97-D039-4E8B-8179-44ECE9CF5657}.Debug|Any CPU.ActiveCfg = Debug|Any CPU
		{DF6BFB97-D039-4E8B-8179-44ECE9CF5657}.Debug|Any CPU.Build.0 = Debug|Any CPU
		{DF6BFB97-D039-4E8B-8179-44ECE9CF5657}.Release|Any CPU.ActiveCfg = Release|Any CPU
		{DF6BFB97-D039-4E8B-8179-44ECE9CF5657}.Release|Any CPU.Build.0 = Release|Any CPU
	EndGlobalSection
	GlobalSection(SolutionProperties) = preSolution
		HideSolutionNode = FALSE
	EndGlobalSection
	GlobalSection(NestedProjects) = preSolution
		{FA926BF0-1B24-4118-A4F7-9F0E3A8CAD44} = {C5D96726-08D7-4A16-96F2-DDB39A278F14}
		{743F3BD3-E922-4D69-A518-7BBF17792964} = {C5D96726-08D7-4A16-96F2-DDB39A278F14}
		{4D97027A-0097-4CE7-8892-0C98C8042249} = {D2353536-4AAF-4323-8D54-D57FD0547239}
		{C47F98CD-DADF-4244-8458-F9C4BA4F76A9} = {D2353536-4AAF-4323-8D54-D57FD0547239}
		{C6F54547-C607-4BF7-9A01-6E516C28DC15} = {D2353536-4AAF-4323-8D54-D57FD0547239}
		{9B3201B3-1CC1-49CE-B195-57ECA62D633E} = {E0B5CC4A-90C0-4302-86F3-DF7AE7B97280}
		{109B6C17-6B59-469E-BF8B-83EA52A6DDF8} = {C5D96726-08D7-4A16-96F2-DDB39A278F14}
		{B0D74349-81BD-4C16-AA14-B4BBC71FFE20} = {E0B5CC4A-90C0-4302-86F3-DF7AE7B97280}
		{5B4818EC-EF1A-47A5-9C00-A89F6398AD34} = {E0B5CC4A-90C0-4302-86F3-DF7AE7B97280}
		{D247E297-5AAE-4CA9-A21E-BACCDEB40663} = {DA775809-7B5B-4F5E-9D9B-AE4F217D58FE}
		{DF6BFB97-D039-4E8B-8179-44ECE9CF5657} = {DA775809-7B5B-4F5E-9D9B-AE4F217D58FE}
	EndGlobalSection
	GlobalSection(ExtensibilityGlobals) = postSolution
		SolutionGuid = {ECFD2E27-C4EE-4841-8C90-A6DC7619989C}
	EndGlobalSection
EndGlobal
