
Microsoft Visual Studio Solution File, Format Version 12.00
# Visual Studio Version 16
VisualStudioVersion = 16.0.29806.167
MinimumVisualStudioVersion = 10.0.40219.1
Project("{FAE04EC0-301F-11D3-BF4B-00C04F79EFBC}") = "DictionaryLib", "DictionaryLib\DictionaryLib.csproj", "{FBDE04FD-AF0B-4763-AC74-99EB0C658ED2}"
EndProject
Project("{FAE04EC0-301F-11D3-BF4B-00C04F79EFBC}") = "SubjectLib", "..\lab2\SubjectLib\SubjectLib.csproj", "{CD62E046-93D7-41FF-86CA-4872A9C140DB}"
EndProject
Project("{FAE04EC0-301F-11D3-BF4B-00C04F79EFBC}") = "DictionaryApplication", "DictionaryApplication\DictionaryApplication.csproj", "{CE7C937D-7F79-490B-8697-AB2DD3B5A122}"
EndProject
Project("{FAE04EC0-301F-11D3-BF4B-00C04F79EFBC}") = "Tests", "Tests\Tests.csproj", "{EDFC48FD-10F5-4A35-8D76-BCC3B27E9329}"
EndProject
Global
	GlobalSection(SolutionConfigurationPlatforms) = preSolution
		Debug|Any CPU = Debug|Any CPU
		Release|Any CPU = Release|Any CPU
	EndGlobalSection
	GlobalSection(ProjectConfigurationPlatforms) = postSolution
		{FBDE04FD-AF0B-4763-AC74-99EB0C658ED2}.Debug|Any CPU.ActiveCfg = Debug|Any CPU
		{FBDE04FD-AF0B-4763-AC74-99EB0C658ED2}.Debug|Any CPU.Build.0 = Debug|Any CPU
		{FBDE04FD-AF0B-4763-AC74-99EB0C658ED2}.Release|Any CPU.ActiveCfg = Release|Any CPU
		{FBDE04FD-AF0B-4763-AC74-99EB0C658ED2}.Release|Any CPU.Build.0 = Release|Any CPU
		{CD62E046-93D7-41FF-86CA-4872A9C140DB}.Debug|Any CPU.ActiveCfg = Debug|Any CPU
		{CD62E046-93D7-41FF-86CA-4872A9C140DB}.Debug|Any CPU.Build.0 = Debug|Any CPU
		{CD62E046-93D7-41FF-86CA-4872A9C140DB}.Release|Any CPU.ActiveCfg = Release|Any CPU
		{CD62E046-93D7-41FF-86CA-4872A9C140DB}.Release|Any CPU.Build.0 = Release|Any CPU
		{CE7C937D-7F79-490B-8697-AB2DD3B5A122}.Debug|Any CPU.ActiveCfg = Debug|Any CPU
		{CE7C937D-7F79-490B-8697-AB2DD3B5A122}.Debug|Any CPU.Build.0 = Debug|Any CPU
		{CE7C937D-7F79-490B-8697-AB2DD3B5A122}.Release|Any CPU.ActiveCfg = Release|Any CPU
		{CE7C937D-7F79-490B-8697-AB2DD3B5A122}.Release|Any CPU.Build.0 = Release|Any CPU
		{EDFC48FD-10F5-4A35-8D76-BCC3B27E9329}.Debug|Any CPU.ActiveCfg = Debug|Any CPU
		{EDFC48FD-10F5-4A35-8D76-BCC3B27E9329}.Debug|Any CPU.Build.0 = Debug|Any CPU
		{EDFC48FD-10F5-4A35-8D76-BCC3B27E9329}.Release|Any CPU.ActiveCfg = Release|Any CPU
		{EDFC48FD-10F5-4A35-8D76-BCC3B27E9329}.Release|Any CPU.Build.0 = Release|Any CPU
	EndGlobalSection
	GlobalSection(SolutionProperties) = preSolution
		HideSolutionNode = FALSE
	EndGlobalSection
	GlobalSection(ExtensibilityGlobals) = postSolution
		SolutionGuid = {2CC767F3-4FF1-44CF-B0F8-FCAD86F1C8DB}
	EndGlobalSection
EndGlobal
