
Microsoft Visual Studio Solution File, Format Version 12.00
# Visual Studio Version 16
VisualStudioVersion = 16.0.29519.87
MinimumVisualStudioVersion = 10.0.40219.1
Project("{FAE04EC0-301F-11D3-BF4B-00C04F79EFBC}") = "SubjectLib", "SubjectLib\SubjectLib.csproj", "{CD62E046-93D7-41FF-86CA-4872A9C140DB}"
EndProject
Project("{FAE04EC0-301F-11D3-BF4B-00C04F79EFBC}") = "XmlParserLib", "XMLParser\XmlParserLib.csproj", "{32A12919-3C90-4B03-AF24-55F941AF99B8}"
EndProject
Project("{FAE04EC0-301F-11D3-BF4B-00C04F79EFBC}") = "XmlParserTesting", "XmlParserTesting\XmlParserTesting.csproj", "{E75F56F2-B4DC-4652-B9AC-3B5B031F747F}"
EndProject
Project("{FAE04EC0-301F-11D3-BF4B-00C04F79EFBC}") = "XmlParserApplication", "XmlParserApplication\XmlParserApplication.csproj", "{24BAA310-4CB0-4FAE-AA7D-A7FC0A0C7C38}"
EndProject
Global
	GlobalSection(SolutionConfigurationPlatforms) = preSolution
		Debug|Any CPU = Debug|Any CPU
		Release|Any CPU = Release|Any CPU
	EndGlobalSection
	GlobalSection(ProjectConfigurationPlatforms) = postSolution
		{CD62E046-93D7-41FF-86CA-4872A9C140DB}.Debug|Any CPU.ActiveCfg = Debug|Any CPU
		{CD62E046-93D7-41FF-86CA-4872A9C140DB}.Debug|Any CPU.Build.0 = Debug|Any CPU
		{CD62E046-93D7-41FF-86CA-4872A9C140DB}.Release|Any CPU.ActiveCfg = Release|Any CPU
		{CD62E046-93D7-41FF-86CA-4872A9C140DB}.Release|Any CPU.Build.0 = Release|Any CPU
		{32A12919-3C90-4B03-AF24-55F941AF99B8}.Debug|Any CPU.ActiveCfg = Debug|Any CPU
		{32A12919-3C90-4B03-AF24-55F941AF99B8}.Debug|Any CPU.Build.0 = Debug|Any CPU
		{32A12919-3C90-4B03-AF24-55F941AF99B8}.Release|Any CPU.ActiveCfg = Release|Any CPU
		{32A12919-3C90-4B03-AF24-55F941AF99B8}.Release|Any CPU.Build.0 = Release|Any CPU
		{E75F56F2-B4DC-4652-B9AC-3B5B031F747F}.Debug|Any CPU.ActiveCfg = Debug|Any CPU
		{E75F56F2-B4DC-4652-B9AC-3B5B031F747F}.Debug|Any CPU.Build.0 = Debug|Any CPU
		{E75F56F2-B4DC-4652-B9AC-3B5B031F747F}.Release|Any CPU.ActiveCfg = Release|Any CPU
		{E75F56F2-B4DC-4652-B9AC-3B5B031F747F}.Release|Any CPU.Build.0 = Release|Any CPU
		{24BAA310-4CB0-4FAE-AA7D-A7FC0A0C7C38}.Debug|Any CPU.ActiveCfg = Debug|Any CPU
		{24BAA310-4CB0-4FAE-AA7D-A7FC0A0C7C38}.Debug|Any CPU.Build.0 = Debug|Any CPU
		{24BAA310-4CB0-4FAE-AA7D-A7FC0A0C7C38}.Release|Any CPU.ActiveCfg = Release|Any CPU
		{24BAA310-4CB0-4FAE-AA7D-A7FC0A0C7C38}.Release|Any CPU.Build.0 = Release|Any CPU
	EndGlobalSection
	GlobalSection(SolutionProperties) = preSolution
		HideSolutionNode = FALSE
	EndGlobalSection
	GlobalSection(ExtensibilityGlobals) = postSolution
		SolutionGuid = {6F11EDDE-7504-48BD-8B38-1F653E854C3F}
	EndGlobalSection
EndGlobal
