
Microsoft Visual Studio Solution File, Format Version 12.00
# Visual Studio Version 16
VisualStudioVersion = 16.0.30413.136
MinimumVisualStudioVersion = 10.0.40219.1
Project("{FAE04EC0-301F-11D3-BF4B-00C04F79EFBC}") = "ComputerShop.WebUI", "ComputerShop.WebUI\ComputerShop.WebUI.csproj", "{6C39419D-53CE-4582-97F3-1FB8AF5C8F14}"
EndProject
Global
	GlobalSection(SolutionConfigurationPlatforms) = preSolution
		Debug|Any CPU = Debug|Any CPU
		Release|Any CPU = Release|Any CPU
	EndGlobalSection
	GlobalSection(ProjectConfigurationPlatforms) = postSolution
		{6C39419D-53CE-4582-97F3-1FB8AF5C8F14}.Debug|Any CPU.ActiveCfg = Debug|Any CPU
		{6C39419D-53CE-4582-97F3-1FB8AF5C8F14}.Debug|Any CPU.Build.0 = Debug|Any CPU
		{6C39419D-53CE-4582-97F3-1FB8AF5C8F14}.Release|Any CPU.ActiveCfg = Release|Any CPU
		{6C39419D-53CE-4582-97F3-1FB8AF5C8F14}.Release|Any CPU.Build.0 = Release|Any CPU
	EndGlobalSection
	GlobalSection(SolutionProperties) = preSolution
		HideSolutionNode = FALSE
	EndGlobalSection
	GlobalSection(ExtensibilityGlobals) = postSolution
		SolutionGuid = {5B381C91-F2E6-4732-90E2-3F9A01C75929}
	EndGlobalSection
EndGlobal
